// !$*UTF8*$!
{
	archiveVersion = 1;
	classes = {
	};
	objectVersion = 46;
	objects = {

/* Begin PBXBuildFile section */
		A114DA1A1E602A430069853F /* main.m in Sources */ = {isa = PBXBuildFile; fileRef = A114DA191E602A430069853F /* main.m */; };
		A114DA1D1E602A430069853F /* AppDelegate.m in Sources */ = {isa = PBXBuildFile; fileRef = A114DA1C1E602A430069853F /* AppDelegate.m */; };
		A114DA201E602A430069853F /* ViewController.m in Sources */ = {isa = PBXBuildFile; fileRef = A114DA1F1E602A430069853F /* ViewController.m */; };
		A114DA231E602A430069853F /* Main.storyboard in Resources */ = {isa = PBXBuildFile; fileRef = A114DA211E602A430069853F /* Main.storyboard */; };
		A114DA251E602A430069853F /* Assets.xcassets in Resources */ = {isa = PBXBuildFile; fileRef = A114DA241E602A430069853F /* Assets.xcassets */; };
		A114DA281E602A430069853F /* LaunchScreen.storyboard in Resources */ = {isa = PBXBuildFile; fileRef = A114DA261E602A430069853F /* LaunchScreen.storyboard */; };
		A13A8B441E6D5077001C764E /* NewsDetailViewController.m in Sources */ = {isa = PBXBuildFile; fileRef = A13A8B431E6D5077001C764E /* NewsDetailViewController.m */; };
		A13A8B491E6D5206001C764E /* NewsCommentModel.m in Sources */ = {isa = PBXBuildFile; fileRef = A13A8B461E6D5206001C764E /* NewsCommentModel.m */; };
		A13A8B4A1E6D5206001C764E /* NewsDetailModel.m in Sources */ = {isa = PBXBuildFile; fileRef = A13A8B481E6D5206001C764E /* NewsDetailModel.m */; };
		A13A8B4D1E6D5249001C764E /* NewsDetailURL.m in Sources */ = {isa = PBXBuildFile; fileRef = A13A8B4C1E6D5249001C764E /* NewsDetailURL.m */; };
		A13A8B581E6D52BE001C764E /* NewsCommentCellNode.m in Sources */ = {isa = PBXBuildFile; fileRef = A13A8B4F1E6D52BE001C764E /* NewsCommentCellNode.m */; };
		A13A8B591E6D52BE001C764E /* NewsDetailSectionCommentFooterView.m in Sources */ = {isa = PBXBuildFile; fileRef = A13A8B511E6D52BE001C764E /* NewsDetailSectionCommentFooterView.m */; };
		A13A8B5A1E6D52BE001C764E /* NewsDetailSectionTitleHeaderView.m in Sources */ = {isa = PBXBuildFile; fileRef = A13A8B531E6D52BE001C764E /* NewsDetailSectionTitleHeaderView.m */; };
		A13A8B5B1E6D52BE001C764E /* NewsDetailWebCellNode.m in Sources */ = {isa = PBXBuildFile; fileRef = A13A8B551E6D52BE001C764E /* NewsDetailWebCellNode.m */; };
		A13A8B5C1E6D52BE001C764E /* NewsRelativeCellNode.m in Sources */ = {isa = PBXBuildFile; fileRef = A13A8B571E6D52BE001C764E /* NewsRelativeCellNode.m */; };
/* End PBXBuildFile section */

/* Begin PBXFileReference section */
		A114DA151E602A430069853F /* NewsDetailModule.app */ = {isa = PBXFileReference; explicitFileType = wrapper.application; includeInIndex = 0; path = NewsDetailModule.app; sourceTree = BUILT_PRODUCTS_DIR; };
		A114DA191E602A430069853F /* main.m */ = {isa = PBXFileReference; lastKnownFileType = sourcecode.c.objc; path = main.m; sourceTree = "<group>"; };
		A114DA1B1E602A430069853F /* AppDelegate.h */ = {isa = PBXFileReference; lastKnownFileType = sourcecode.c.h; path = AppDelegate.h; sourceTree = "<group>"; };
		A114DA1C1E602A430069853F /* AppDelegate.m */ = {isa = PBXFileReference; lastKnownFileType = sourcecode.c.objc; path = AppDelegate.m; sourceTree = "<group>"; };
		A114DA1E1E602A430069853F /* ViewController.h */ = {isa = PBXFileReference; lastKnownFileType = sourcecode.c.h; path = ViewController.h; sourceTree = "<group>"; };
		A114DA1F1E602A430069853F /* ViewController.m */ = {isa = PBXFileReference; lastKnownFileType = sourcecode.c.objc; path = ViewController.m; sourceTree = "<group>"; };
		A114DA221E602A430069853F /* Base */ = {isa = PBXFileReference; lastKnownFileType = file.storyboard; name = Base; path = Base.lproj/Main.storyboard; sourceTree = "<group>"; };
		A114DA241E602A430069853F /* Assets.xcassets */ = {isa = PBXFileReference; lastKnownFileType = folder.assetcatalog; path = Assets.xcassets; sourceTree = "<group>"; };
		A114DA271E602A430069853F /* Base */ = {isa = PBXFileReference; lastKnownFileType = file.storyboard; name = Base; path = Base.lproj/LaunchScreen.storyboard; sourceTree = "<group>"; };
		A114DA291E602A430069853F /* Info.plist */ = {isa = PBXFileReference; lastKnownFileType = text.plist.xml; path = Info.plist; sourceTree = "<group>"; };
		A13A8B421E6D5077001C764E /* NewsDetailViewController.h */ = {isa = PBXFileReference; fileEncoding = 4; lastKnownFileType = sourcecode.c.h; path = NewsDetailViewController.h; sourceTree = "<group>"; };
		A13A8B431E6D5077001C764E /* NewsDetailViewController.m */ = {isa = PBXFileReference; fileEncoding = 4; lastKnownFileType = sourcecode.c.objc; path = NewsDetailViewController.m; sourceTree = "<group>"; };
		A13A8B451E6D5206001C764E /* NewsCommentModel.h */ = {isa = PBXFileReference; fileEncoding = 4; lastKnownFileType = sourcecode.c.h; path = NewsCommentModel.h; sourceTree = "<group>"; };
		A13A8B461E6D5206001C764E /* NewsCommentModel.m */ = {isa = PBXFileReference; fileEncoding = 4; lastKnownFileType = sourcecode.c.objc; path = NewsCommentModel.m; sourceTree = "<group>"; };
		A13A8B471E6D5206001C764E /* NewsDetailModel.h */ = {isa = PBXFileReference; fileEncoding = 4; lastKnownFileType = sourcecode.c.h; path = NewsDetailModel.h; sourceTree = "<group>"; };
		A13A8B481E6D5206001C764E /* NewsDetailModel.m */ = {isa = PBXFileReference; fileEncoding = 4; lastKnownFileType = sourcecode.c.objc; path = NewsDetailModel.m; sourceTree = "<group>"; };
		A13A8B4B1E6D5249001C764E /* NewsDetailURL.h */ = {isa = PBXFileReference; fileEncoding = 4; lastKnownFileType = sourcecode.c.h; path = NewsDetailURL.h; sourceTree = "<group>"; };
		A13A8B4C1E6D5249001C764E /* NewsDetailURL.m */ = {isa = PBXFileReference; fileEncoding = 4; lastKnownFileType = sourcecode.c.objc; path = NewsDetailURL.m; sourceTree = "<group>"; };
		A13A8B4E1E6D52BE001C764E /* NewsCommentCellNode.h */ = {isa = PBXFileReference; fileEncoding = 4; lastKnownFileType = sourcecode.c.h; path = NewsCommentCellNode.h; sourceTree = "<group>"; };
		A13A8B4F1E6D52BE001C764E /* NewsCommentCellNode.m */ = {isa = PBXFileReference; fileEncoding = 4; lastKnownFileType = sourcecode.c.objc; path = NewsCommentCellNode.m; sourceTree = "<group>"; };
		A13A8B501E6D52BE001C764E /* NewsDetailSectionCommentFooterView.h */ = {isa = PBXFileReference; fileEncoding = 4; lastKnownFileType = sourcecode.c.h; path = NewsDetailSectionCommentFooterView.h; sourceTree = "<group>"; };
		A13A8B511E6D52BE001C764E /* NewsDetailSectionCommentFooterView.m */ = {isa = PBXFileReference; fileEncoding = 4; lastKnownFileType = sourcecode.c.objc; path = NewsDetailSectionCommentFooterView.m; sourceTree = "<group>"; };
		A13A8B521E6D52BE001C764E /* NewsDetailSectionTitleHeaderView.h */ = {isa = PBXFileReference; fileEncoding = 4; lastKnownFileType = sourcecode.c.h; path = NewsDetailSectionTitleHeaderView.h; sourceTree = "<group>"; };
		A13A8B531E6D52BE001C764E /* NewsDetailSectionTitleHeaderView.m */ = {isa = PBXFileReference; fileEncoding = 4; lastKnownFileType = sourcecode.c.objc; path = NewsDetailSectionTitleHeaderView.m; sourceTree = "<group>"; };
		A13A8B541E6D52BE001C764E /* NewsDetailWebCellNode.h */ = {isa = PBXFileReference; fileEncoding = 4; lastKnownFileType = sourcecode.c.h; path = NewsDetailWebCellNode.h; sourceTree = "<group>"; };
		A13A8B551E6D52BE001C764E /* NewsDetailWebCellNode.m */ = {isa = PBXFileReference; fileEncoding = 4; lastKnownFileType = sourcecode.c.objc; path = NewsDetailWebCellNode.m; sourceTree = "<group>"; };
		A13A8B561E6D52BE001C764E /* NewsRelativeCellNode.h */ = {isa = PBXFileReference; fileEncoding = 4; lastKnownFileType = sourcecode.c.h; path = NewsRelativeCellNode.h; sourceTree = "<group>"; };
		A13A8B571E6D52BE001C764E /* NewsRelativeCellNode.m */ = {isa = PBXFileReference; fileEncoding = 4; lastKnownFileType = sourcecode.c.objc; path = NewsRelativeCellNode.m; sourceTree = "<group>"; };
/* End PBXFileReference section */

/* Begin PBXFrameworksBuildPhase section */
		A114DA121E602A430069853F /* Frameworks */ = {
			isa = PBXFrameworksBuildPhase;
			buildActionMask = 2147483647;
			files = (
			);
			runOnlyForDeploymentPostprocessing = 0;
		};
/* End PBXFrameworksBuildPhase section */

/* Begin PBXGroup section */
		A114DA0C1E602A430069853F = {
			isa = PBXGroup;
			children = (
				A114DA171E602A430069853F /* NewsDetailModule */,
				A114DA161E602A430069853F /* Products */,
			);
			sourceTree = "<group>";
		};
		A114DA161E602A430069853F /* Products */ = {
			isa = PBXGroup;
			children = (
				A114DA151E602A430069853F /* NewsDetailModule.app */,
			);
			name = Products;
			sourceTree = "<group>";
		};
		A114DA171E602A430069853F /* NewsDetailModule */ = {
			isa = PBXGroup;
			children = (
				A13A8B3D1E6D504E001C764E /* Class */,
				A114DA1B1E602A430069853F /* AppDelegate.h */,
				A114DA1C1E602A430069853F /* AppDelegate.m */,
				A114DA1E1E602A430069853F /* ViewController.h */,
				A114DA1F1E602A430069853F /* ViewController.m */,
				A114DA211E602A430069853F /* Main.storyboard */,
				A114DA241E602A430069853F /* Assets.xcassets */,
				A114DA261E602A430069853F /* LaunchScreen.storyboard */,
				A114DA291E602A430069853F /* Info.plist */,
				A114DA181E602A430069853F /* Supporting Files */,
			);
			path = NewsDetailModule;
			sourceTree = "<group>";
		};
		A114DA181E602A430069853F /* Supporting Files */ = {
			isa = PBXGroup;
			children = (
				A114DA191E602A430069853F /* main.m */,
			);
			name = "Supporting Files";
			sourceTree = "<group>";
		};
		A13A8B3D1E6D504E001C764E /* Class */ = {
			isa = PBXGroup;
			children = (
				A13A8B3E1E6D504E001C764E /* Controller */,
				A13A8B3F1E6D504E001C764E /* HttpURL */,
				A13A8B401E6D504E001C764E /* Model */,
				A13A8B411E6D504E001C764E /* View */,
			);
			path = Class;
			sourceTree = "<group>";
		};
		A13A8B3E1E6D504E001C764E /* Controller */ = {
			isa = PBXGroup;
			children = (
				A13A8B421E6D5077001C764E /* NewsDetailViewController.h */,
				A13A8B431E6D5077001C764E /* NewsDetailViewController.m */,
			);
			path = Controller;
			sourceTree = "<group>";
		};
		A13A8B3F1E6D504E001C764E /* HttpURL */ = {
			isa = PBXGroup;
			children = (
				A13A8B4B1E6D5249001C764E /* NewsDetailURL.h */,
				A13A8B4C1E6D5249001C764E /* NewsDetailURL.m */,
			);
			path = HttpURL;
			sourceTree = "<group>";
		};
		A13A8B401E6D504E001C764E /* Model */ = {
			isa = PBXGroup;
			children = (
				A13A8B451E6D5206001C764E /* NewsCommentModel.h */,
				A13A8B461E6D5206001C764E /* NewsCommentModel.m */,
				A13A8B471E6D5206001C764E /* NewsDetailModel.h */,
				A13A8B481E6D5206001C764E /* NewsDetailModel.m */,
			);
			path = Model;
			sourceTree = "<group>";
		};
		A13A8B411E6D504E001C764E /* View */ = {
			isa = PBXGroup;
			children = (
				A13A8B4E1E6D52BE001C764E /* NewsCommentCellNode.h */,
				A13A8B4F1E6D52BE001C764E /* NewsCommentCellNode.m */,
				A13A8B501E6D52BE001C764E /* NewsDetailSectionCommentFooterView.h */,
				A13A8B511E6D52BE001C764E /* NewsDetailSectionCommentFooterView.m */,
				A13A8B521E6D52BE001C764E /* NewsDetailSectionTitleHeaderView.h */,
				A13A8B531E6D52BE001C764E /* NewsDetailSectionTitleHeaderView.m */,
				A13A8B541E6D52BE001C764E /* NewsDetailWebCellNode.h */,
				A13A8B551E6D52BE001C764E /* NewsDetailWebCellNode.m */,
				A13A8B561E6D52BE001C764E /* NewsRelativeCellNode.h */,
				A13A8B571E6D52BE001C764E /* NewsRelativeCellNode.m */,
			);
			path = View;
			sourceTree = "<group>";
		};
/* End PBXGroup section */

/* Begin PBXNativeTarget section */
		A114DA141E602A430069853F /* NewsDetailModule */ = {
			isa = PBXNativeTarget;
			buildConfigurationList = A114DA2C1E602A430069853F /* Build configuration list for PBXNativeTarget "NewsDetailModule" */;
			buildPhases = (
				A114DA111E602A430069853F /* Sources */,
				A114DA121E602A430069853F /* Frameworks */,
				A114DA131E602A430069853F /* Resources */,
			);
			buildRules = (
			);
			dependencies = (
			);
			name = NewsDetailModule;
			productName = NewsDetailModule;
			productReference = A114DA151E602A430069853F /* NewsDetailModule.app */;
			productType = "com.apple.product-type.application";
		};
/* End PBXNativeTarget section */

/* Begin PBXProject section */
		A114DA0D1E602A430069853F /* Project object */ = {
			isa = PBXProject;
			attributes = {
				LastUpgradeCheck = 0820;
				ORGANIZATIONNAME = Yuns;
				TargetAttributes = {
					A114DA141E602A430069853F = {
						CreatedOnToolsVersion = 8.2.1;
						ProvisioningStyle = Automatic;
					};
				};
			};
			buildConfigurationList = A114DA101E602A430069853F /* Build configuration list for PBXProject "NewsDetailModule" */;
			compatibilityVersion = "Xcode 3.2";
			developmentRegion = English;
			hasScannedForEncodings = 0;
			knownRegions = (
				en,
				Base,
			);
			mainGroup = A114DA0C1E602A430069853F;
			productRefGroup = A114DA161E602A430069853F /* Products */;
			projectDirPath = "";
			projectRoot = "";
			targets = (
				A114DA141E602A430069853F /* NewsDetailModule */,
			);
		};
/* End PBXProject section */

/* Begin PBXResourcesBuildPhase section */
		A114DA131E602A430069853F /* Resources */ = {
			isa = PBXResourcesBuildPhase;
			buildActionMask = 2147483647;
			files = (
				A114DA281E602A430069853F /* LaunchScreen.storyboard in Resources */,
				A114DA251E602A430069853F /* Assets.xcassets in Resources */,
				A114DA231E602A430069853F /* Main.storyboard in Resources */,
			);
			runOnlyForDeploymentPostprocessing = 0;
		};
/* End PBXResourcesBuildPhase section */

/* Begin PBXSourcesBuildPhase section */
		A114DA111E602A430069853F /* Sources */ = {
			isa = PBXSourcesBuildPhase;
			buildActionMask = 2147483647;
			files = (
				A13A8B441E6D5077001C764E /* NewsDetailViewController.m in Sources */,
				A13A8B4A1E6D5206001C764E /* NewsDetailModel.m in Sources */,
				A13A8B491E6D5206001C764E /* NewsCommentModel.m in Sources */,
				A114DA201E602A430069853F /* ViewController.m in Sources */,
				A13A8B5C1E6D52BE001C764E /* NewsRelativeCellNode.m in Sources */,
				A114DA1D1E602A430069853F /* AppDelegate.m in Sources */,
				A13A8B4D1E6D5249001C764E /* NewsDetailURL.m in Sources */,
				A13A8B581E6D52BE001C764E /* NewsCommentCellNode.m in Sources */,
				A13A8B591E6D52BE001C764E /* NewsDetailSectionCommentFooterView.m in Sources */,
				A13A8B5B1E6D52BE001C764E /* NewsDetailWebCellNode.m in Sources */,
				A13A8B5A1E6D52BE001C764E /* NewsDetailSectionTitleHeaderView.m in Sources */,
				A114DA1A1E602A430069853F /* main.m in Sources */,
			);
			runOnlyForDeploymentPostprocessing = 0;
		};
/* End PBXSourcesBuildPhase section */

/* Begin PBXVariantGroup section */
		A114DA211E602A430069853F /* Main.storyboard */ = {
			isa = PBXVariantGroup;
			children = (
				A114DA221E602A430069853F /* Base */,
			);
			name = Main.storyboard;
			sourceTree = "<group>";
		};
		A114DA261E602A430069853F /* LaunchScreen.storyboard */ = {
			isa = PBXVariantGroup;
			children = (
				A114DA271E602A430069853F /* Base */,
			);
			name = LaunchScreen.storyboard;
			sourceTree = "<group>";
		};
/* End PBXVariantGroup section */

/* Begin XCBuildConfiguration section */
		A114DA2A1E602A430069853F /* Debug */ = {
			isa = XCBuildConfiguration;
			buildSettings = {
				ALWAYS_SEARCH_USER_PATHS = NO;
				CLANG_ANALYZER_NONNULL = YES;
				CLANG_CXX_LANGUAGE_STANDARD = "gnu++0x";
				CLANG_CXX_LIBRARY = "libc++";
				CLANG_ENABLE_MODULES = YES;
				CLANG_ENABLE_OBJC_ARC = YES;
				CLANG_WARN_BOOL_CONVERSION = YES;
				CLANG_WARN_CONSTANT_CONVERSION = YES;
				CLANG_WARN_DIRECT_OBJC_ISA_USAGE = YES_ERROR;
				CLANG_WARN_DOCUMENTATION_COMMENTS = YES;
				CLANG_WARN_EMPTY_BODY = YES;
				CLANG_WARN_ENUM_CONVERSION = YES;
				CLANG_WARN_INFINITE_RECURSION = YES;
				CLANG_WARN_INT_CONVERSION = YES;
				CLANG_WARN_OBJC_ROOT_CLASS = YES_ERROR;
				CLANG_WARN_SUSPICIOUS_MOVE = YES;
				CLANG_WARN_UNREACHABLE_CODE = YES;
				CLANG_WARN__DUPLICATE_METHOD_MATCH = YES;
				"CODE_SIGN_IDENTITY[sdk=iphoneos*]" = "iPhone Developer";
				COPY_PHASE_STRIP = NO;
				DEBUG_INFORMATION_FORMAT = dwarf;
				ENABLE_STRICT_OBJC_MSGSEND = YES;
				ENABLE_TESTABILITY = YES;
				GCC_C_LANGUAGE_STANDARD = gnu99;
				GCC_DYNAMIC_NO_PIC = NO;
				GCC_NO_COMMON_BLOCKS = YES;
				GCC_OPTIMIZATION_LEVEL = 0;
				GCC_PREPROCESSOR_DEFINITIONS = (
					"DEBUG=1",
					"$(inherited)",
				);
				GCC_WARN_64_TO_32_BIT_CONVERSION = YES;
				GCC_WARN_ABOUT_RETURN_TYPE = YES_ERROR;
				GCC_WARN_UNDECLARED_SELECTOR = YES;
				GCC_WARN_UNINITIALIZED_AUTOS = YES_AGGRESSIVE;
				GCC_WARN_UNUSED_FUNCTION = YES;
				GCC_WARN_UNUSED_VARIABLE = YES;
				IPHONEOS_DEPLOYMENT_TARGET = 10.2;
				MTL_ENABLE_DEBUG_INFO = YES;
				ONLY_ACTIVE_ARCH = YES;
				SDKROOT = iphoneos;
			};
			name = Debug;
		};
		A114DA2B1E602A430069853F /* Release */ = {
			isa = XCBuildConfiguration;
			buildSettings = {
				ALWAYS_SEARCH_USER_PATHS = NO;
				CLANG_ANALYZER_NONNULL = YES;
				CLANG_CXX_LANGUAGE_STANDARD = "gnu++0x";
				CLANG_CXX_LIBRARY = "libc++";
				CLANG_ENABLE_MODULES = YES;
				CLANG_ENABLE_OBJC_ARC = YES;
				CLANG_WARN_BOOL_CONVERSION = YES;
				CLANG_WARN_CONSTANT_CONVERSION = YES;
				CLANG_WARN_DIRECT_OBJC_ISA_USAGE = YES_ERROR;
				CLANG_WARN_DOCUMENTATION_COMMENTS = YES;
				CLANG_WARN_EMPTY_BODY = YES;
				CLANG_WARN_ENUM_CONVERSION = YES;
				CLANG_WARN_INFINITE_RECURSION = YES;
				CLANG_WARN_INT_CONVERSION = YES;
				CLANG_WARN_OBJC_ROOT_CLASS = YES_ERROR;
				CLANG_WARN_SUSPICIOUS_MOVE = YES;
				CLANG_WARN_UNREACHABLE_CODE = YES;
				CLANG_WARN__DUPLICATE_METHOD_MATCH = YES;
				"CODE_SIGN_IDENTITY[sdk=iphoneos*]" = "iPhone Developer";
				COPY_PHASE_STRIP = NO;
				DEBUG_INFORMATION_FORMAT = "dwarf-with-dsym";
				ENABLE_NS_ASSERTIONS = NO;
				ENABLE_STRICT_OBJC_MSGSEND = YES;
				GCC_C_LANGUAGE_STANDARD = gnu99;
				GCC_NO_COMMON_BLOCKS = YES;
				GCC_WARN_64_TO_32_BIT_CONVERSION = YES;
				GCC_WARN_ABOUT_RETURN_TYPE = YES_ERROR;
				GCC_WARN_UNDECLARED_SELECTOR = YES;
				GCC_WARN_UNINITIALIZED_AUTOS = YES_AGGRESSIVE;
				GCC_WARN_UNUSED_FUNCTION = YES;
				GCC_WARN_UNUSED_VARIABLE = YES;
				IPHONEOS_DEPLOYMENT_TARGET = 10.2;
				MTL_ENABLE_DEBUG_INFO = NO;
				SDKROOT = iphoneos;
				VALIDATE_PRODUCT = YES;
			};
			name = Release;
		};
		A114DA2D1E602A430069853F /* Debug */ = {
			isa = XCBuildConfiguration;
			buildSettings = {
				ASSETCATALOG_COMPILER_APPICON_NAME = AppIcon;
				INFOPLIST_FILE = NewsDetailModule/Info.plist;
				LD_RUNPATH_SEARCH_PATHS = "$(inherited) @executable_path/Frameworks";
				PRODUCT_BUNDLE_IDENTIFIER = com.yuns.NewsDetailModule;
				PRODUCT_NAME = "$(TARGET_NAME)";
			};
			name = Debug;
		};
		A114DA2E1E602A430069853F /* Release */ = {
			isa = XCBuildConfiguration;
			buildSettings = {
				ASSETCATALOG_COMPILER_APPICON_NAME = AppIcon;
				INFOPLIST_FILE = NewsDetailModule/Info.plist;
				LD_RUNPATH_SEARCH_PATHS = "$(inherited) @executable_path/Frameworks";
				PRODUCT_BUNDLE_IDENTIFIER = com.yuns.NewsDetailModule;
				PRODUCT_NAME = "$(TARGET_NAME)";
			};
			name = Release;
		};
/* End XCBuildConfiguration section */

/* Begin XCConfigurationList section */
		A114DA101E602A430069853F /* Build configuration list for PBXProject "NewsDetailModule" */ = {
			isa = XCConfigurationList;
			buildConfigurations = (
				A114DA2A1E602A430069853F /* Debug */,
				A114DA2B1E602A430069853F /* Release */,
			);
			defaultConfigurationIsVisible = 0;
			defaultConfigurationName = Release;
		};
		A114DA2C1E602A430069853F /* Build configuration list for PBXNativeTarget "NewsDetailModule" */ = {
			isa = XCConfigurationList;
			buildConfigurations = (
				A114DA2D1E602A430069853F /* Debug */,
				A114DA2E1E602A430069853F /* Release */,
			);
			defaultConfigurationIsVisible = 0;
			defaultConfigurationName = Release;
		};
/* End XCConfigurationList section */
	};
	rootObject = A114DA0D1E602A430069853F /* Project object */;
}
