// !$*UTF8*$!
{
	archiveVersion = 1;
	classes = {
	};
	objectVersion = 46;
	objects = {

/* Begin PBXBuildFile section */
		A114DA3E1E602AA00069853F /* main.m in Sources */ = {isa = PBXBuildFile; fileRef = A114DA3D1E602AA00069853F /* main.m */; };
		A114DA411E602AA00069853F /* AppDelegate.m in Sources */ = {isa = PBXBuildFile; fileRef = A114DA401E602AA00069853F /* AppDelegate.m */; };
		A114DA441E602AA00069853F /* ViewController.m in Sources */ = {isa = PBXBuildFile; fileRef = A114DA431E602AA00069853F /* ViewController.m */; };
		A114DA471E602AA00069853F /* Main.storyboard in Resources */ = {isa = PBXBuildFile; fileRef = A114DA451E602AA00069853F /* Main.storyboard */; };
		A114DA491E602AA00069853F /* Assets.xcassets in Resources */ = {isa = PBXBuildFile; fileRef = A114DA481E602AA00069853F /* Assets.xcassets */; };
		A114DA4C1E602AA00069853F /* LaunchScreen.storyboard in Resources */ = {isa = PBXBuildFile; fileRef = A114DA4A1E602AA00069853F /* LaunchScreen.storyboard */; };
		A13E6F521E6E3FFC009DD690 /* NewsCommentViewController.m in Sources */ = {isa = PBXBuildFile; fileRef = A13E6F511E6E3FFC009DD690 /* NewsCommentViewController.m */; };
		A13E6F551E6E4010009DD690 /* NewsCommentURL.m in Sources */ = {isa = PBXBuildFile; fileRef = A13E6F541E6E4010009DD690 /* NewsCommentURL.m */; };
		A13E6F581E6E401B009DD690 /* NewsCommentModel.m in Sources */ = {isa = PBXBuildFile; fileRef = A13E6F571E6E401B009DD690 /* NewsCommentModel.m */; };
		A13E6F631E6E4061009DD690 /* NewsCommentCellNode.m in Sources */ = {isa = PBXBuildFile; fileRef = A13E6F5A1E6E4061009DD690 /* NewsCommentCellNode.m */; };
		A13E6F641E6E4061009DD690 /* NewsCommentReplyAreaNode.m in Sources */ = {isa = PBXBuildFile; fileRef = A13E6F5C1E6E4061009DD690 /* NewsCommentReplyAreaNode.m */; };
		A13E6F651E6E4061009DD690 /* NewsCommentReplyNode.m in Sources */ = {isa = PBXBuildFile; fileRef = A13E6F5E1E6E4061009DD690 /* NewsCommentReplyNode.m */; };
		A13E6F661E6E4061009DD690 /* NewsDetailSectionCommentFooterView.m in Sources */ = {isa = PBXBuildFile; fileRef = A13E6F601E6E4061009DD690 /* NewsDetailSectionCommentFooterView.m */; };
		A13E6F671E6E4061009DD690 /* NewsDetailSectionTitleHeaderView.m in Sources */ = {isa = PBXBuildFile; fileRef = A13E6F621E6E4061009DD690 /* NewsDetailSectionTitleHeaderView.m */; };
/* End PBXBuildFile section */

/* Begin PBXFileReference section */
		A114DA391E602AA00069853F /* NewsCommentModule.app */ = {isa = PBXFileReference; explicitFileType = wrapper.application; includeInIndex = 0; path = NewsCommentModule.app; sourceTree = BUILT_PRODUCTS_DIR; };
		A114DA3D1E602AA00069853F /* main.m */ = {isa = PBXFileReference; lastKnownFileType = sourcecode.c.objc; path = main.m; sourceTree = "<group>"; };
		A114DA3F1E602AA00069853F /* AppDelegate.h */ = {isa = PBXFileReference; lastKnownFileType = sourcecode.c.h; path = AppDelegate.h; sourceTree = "<group>"; };
		A114DA401E602AA00069853F /* AppDelegate.m */ = {isa = PBXFileReference; lastKnownFileType = sourcecode.c.objc; path = AppDelegate.m; sourceTree = "<group>"; };
		A114DA421E602AA00069853F /* ViewController.h */ = {isa = PBXFileReference; lastKnownFileType = sourcecode.c.h; path = ViewController.h; sourceTree = "<group>"; };
		A114DA431E602AA00069853F /* ViewController.m */ = {isa = PBXFileReference; lastKnownFileType = sourcecode.c.objc; path = ViewController.m; sourceTree = "<group>"; };
		A114DA461E602AA00069853F /* Base */ = {isa = PBXFileReference; lastKnownFileType = file.storyboard; name = Base; path = Base.lproj/Main.storyboard; sourceTree = "<group>"; };
		A114DA481E602AA00069853F /* Assets.xcassets */ = {isa = PBXFileReference; lastKnownFileType = folder.assetcatalog; path = Assets.xcassets; sourceTree = "<group>"; };
		A114DA4B1E602AA00069853F /* Base */ = {isa = PBXFileReference; lastKnownFileType = file.storyboard; name = Base; path = Base.lproj/LaunchScreen.storyboard; sourceTree = "<group>"; };
		A114DA4D1E602AA00069853F /* Info.plist */ = {isa = PBXFileReference; lastKnownFileType = text.plist.xml; path = Info.plist; sourceTree = "<group>"; };
		A13E6F501E6E3FFC009DD690 /* NewsCommentViewController.h */ = {isa = PBXFileReference; fileEncoding = 4; lastKnownFileType = sourcecode.c.h; path = NewsCommentViewController.h; sourceTree = "<group>"; };
		A13E6F511E6E3FFC009DD690 /* NewsCommentViewController.m */ = {isa = PBXFileReference; fileEncoding = 4; lastKnownFileType = sourcecode.c.objc; path = NewsCommentViewController.m; sourceTree = "<group>"; };
		A13E6F531E6E4010009DD690 /* NewsCommentURL.h */ = {isa = PBXFileReference; fileEncoding = 4; lastKnownFileType = sourcecode.c.h; path = NewsCommentURL.h; sourceTree = "<group>"; };
		A13E6F541E6E4010009DD690 /* NewsCommentURL.m */ = {isa = PBXFileReference; fileEncoding = 4; lastKnownFileType = sourcecode.c.objc; path = NewsCommentURL.m; sourceTree = "<group>"; };
		A13E6F561E6E401B009DD690 /* NewsCommentModel.h */ = {isa = PBXFileReference; fileEncoding = 4; lastKnownFileType = sourcecode.c.h; path = NewsCommentModel.h; sourceTree = "<group>"; };
		A13E6F571E6E401B009DD690 /* NewsCommentModel.m */ = {isa = PBXFileReference; fileEncoding = 4; lastKnownFileType = sourcecode.c.objc; path = NewsCommentModel.m; sourceTree = "<group>"; };
		A13E6F591E6E4061009DD690 /* NewsCommentCellNode.h */ = {isa = PBXFileReference; fileEncoding = 4; lastKnownFileType = sourcecode.c.h; path = NewsCommentCellNode.h; sourceTree = "<group>"; };
		A13E6F5A1E6E4061009DD690 /* NewsCommentCellNode.m */ = {isa = PBXFileReference; fileEncoding = 4; lastKnownFileType = sourcecode.c.objc; path = NewsCommentCellNode.m; sourceTree = "<group>"; };
		A13E6F5B1E6E4061009DD690 /* NewsCommentReplyAreaNode.h */ = {isa = PBXFileReference; fileEncoding = 4; lastKnownFileType = sourcecode.c.h; path = NewsCommentReplyAreaNode.h; sourceTree = "<group>"; };
		A13E6F5C1E6E4061009DD690 /* NewsCommentReplyAreaNode.m */ = {isa = PBXFileReference; fileEncoding = 4; lastKnownFileType = sourcecode.c.objc; path = NewsCommentReplyAreaNode.m; sourceTree = "<group>"; };
		A13E6F5D1E6E4061009DD690 /* NewsCommentReplyNode.h */ = {isa = PBXFileReference; fileEncoding = 4; lastKnownFileType = sourcecode.c.h; path = NewsCommentReplyNode.h; sourceTree = "<group>"; };
		A13E6F5E1E6E4061009DD690 /* NewsCommentReplyNode.m */ = {isa = PBXFileReference; fileEncoding = 4; lastKnownFileType = sourcecode.c.objc; path = NewsCommentReplyNode.m; sourceTree = "<group>"; };
		A13E6F5F1E6E4061009DD690 /* NewsDetailSectionCommentFooterView.h */ = {isa = PBXFileReference; fileEncoding = 4; lastKnownFileType = sourcecode.c.h; path = NewsDetailSectionCommentFooterView.h; sourceTree = "<group>"; };
		A13E6F601E6E4061009DD690 /* NewsDetailSectionCommentFooterView.m */ = {isa = PBXFileReference; fileEncoding = 4; lastKnownFileType = sourcecode.c.objc; path = NewsDetailSectionCommentFooterView.m; sourceTree = "<group>"; };
		A13E6F611E6E4061009DD690 /* NewsDetailSectionTitleHeaderView.h */ = {isa = PBXFileReference; fileEncoding = 4; lastKnownFileType = sourcecode.c.h; path = NewsDetailSectionTitleHeaderView.h; sourceTree = "<group>"; };
		A13E6F621E6E4061009DD690 /* NewsDetailSectionTitleHeaderView.m */ = {isa = PBXFileReference; fileEncoding = 4; lastKnownFileType = sourcecode.c.objc; path = NewsDetailSectionTitleHeaderView.m; sourceTree = "<group>"; };
/* End PBXFileReference section */

/* Begin PBXFrameworksBuildPhase section */
		A114DA361E602AA00069853F /* Frameworks */ = {
			isa = PBXFrameworksBuildPhase;
			buildActionMask = 2147483647;
			files = (
			);
			runOnlyForDeploymentPostprocessing = 0;
		};
/* End PBXFrameworksBuildPhase section */

/* Begin PBXGroup section */
		A114DA301E602AA00069853F = {
			isa = PBXGroup;
			children = (
				A114DA3B1E602AA00069853F /* NewsCommentModule */,
				A114DA3A1E602AA00069853F /* Products */,
			);
			sourceTree = "<group>";
		};
		A114DA3A1E602AA00069853F /* Products */ = {
			isa = PBXGroup;
			children = (
				A114DA391E602AA00069853F /* NewsCommentModule.app */,
			);
			name = Products;
			sourceTree = "<group>";
		};
		A114DA3B1E602AA00069853F /* NewsCommentModule */ = {
			isa = PBXGroup;
			children = (
				A13E6F4B1E6E3FCC009DD690 /* Class */,
				A114DA3F1E602AA00069853F /* AppDelegate.h */,
				A114DA401E602AA00069853F /* AppDelegate.m */,
				A114DA421E602AA00069853F /* ViewController.h */,
				A114DA431E602AA00069853F /* ViewController.m */,
				A114DA451E602AA00069853F /* Main.storyboard */,
				A114DA481E602AA00069853F /* Assets.xcassets */,
				A114DA4A1E602AA00069853F /* LaunchScreen.storyboard */,
				A114DA4D1E602AA00069853F /* Info.plist */,
				A114DA3C1E602AA00069853F /* Supporting Files */,
			);
			path = NewsCommentModule;
			sourceTree = "<group>";
		};
		A114DA3C1E602AA00069853F /* Supporting Files */ = {
			isa = PBXGroup;
			children = (
				A114DA3D1E602AA00069853F /* main.m */,
			);
			name = "Supporting Files";
			sourceTree = "<group>";
		};
		A13E6F4B1E6E3FCC009DD690 /* Class */ = {
			isa = PBXGroup;
			children = (
				A13E6F4C1E6E3FCC009DD690 /* Controller */,
				A13E6F4D1E6E3FCC009DD690 /* HttpURL */,
				A13E6F4E1E6E3FCC009DD690 /* Model */,
				A13E6F4F1E6E3FCC009DD690 /* View */,
			);
			path = Class;
			sourceTree = "<group>";
		};
		A13E6F4C1E6E3FCC009DD690 /* Controller */ = {
			isa = PBXGroup;
			children = (
				A13E6F501E6E3FFC009DD690 /* NewsCommentViewController.h */,
				A13E6F511E6E3FFC009DD690 /* NewsCommentViewController.m */,
			);
			path = Controller;
			sourceTree = "<group>";
		};
		A13E6F4D1E6E3FCC009DD690 /* HttpURL */ = {
			isa = PBXGroup;
			children = (
				A13E6F531E6E4010009DD690 /* NewsCommentURL.h */,
				A13E6F541E6E4010009DD690 /* NewsCommentURL.m */,
			);
			path = HttpURL;
			sourceTree = "<group>";
		};
		A13E6F4E1E6E3FCC009DD690 /* Model */ = {
			isa = PBXGroup;
			children = (
				A13E6F561E6E401B009DD690 /* NewsCommentModel.h */,
				A13E6F571E6E401B009DD690 /* NewsCommentModel.m */,
			);
			path = Model;
			sourceTree = "<group>";
		};
		A13E6F4F1E6E3FCC009DD690 /* View */ = {
			isa = PBXGroup;
			children = (
				A13E6F591E6E4061009DD690 /* NewsCommentCellNode.h */,
				A13E6F5A1E6E4061009DD690 /* NewsCommentCellNode.m */,
				A13E6F5B1E6E4061009DD690 /* NewsCommentReplyAreaNode.h */,
				A13E6F5C1E6E4061009DD690 /* NewsCommentReplyAreaNode.m */,
				A13E6F5D1E6E4061009DD690 /* NewsCommentReplyNode.h */,
				A13E6F5E1E6E4061009DD690 /* NewsCommentReplyNode.m */,
				A13E6F5F1E6E4061009DD690 /* NewsDetailSectionCommentFooterView.h */,
				A13E6F601E6E4061009DD690 /* NewsDetailSectionCommentFooterView.m */,
				A13E6F611E6E4061009DD690 /* NewsDetailSectionTitleHeaderView.h */,
				A13E6F621E6E4061009DD690 /* NewsDetailSectionTitleHeaderView.m */,
			);
			path = View;
			sourceTree = "<group>";
		};
/* End PBXGroup section */

/* Begin PBXNativeTarget section */
		A114DA381E602AA00069853F /* NewsCommentModule */ = {
			isa = PBXNativeTarget;
			buildConfigurationList = A114DA501E602AA00069853F /* Build configuration list for PBXNativeTarget "NewsCommentModule" */;
			buildPhases = (
				A114DA351E602AA00069853F /* Sources */,
				A114DA361E602AA00069853F /* Frameworks */,
				A114DA371E602AA00069853F /* Resources */,
			);
			buildRules = (
			);
			dependencies = (
			);
			name = NewsCommentModule;
			productName = NewsCommentModule;
			productReference = A114DA391E602AA00069853F /* NewsCommentModule.app */;
			productType = "com.apple.product-type.application";
		};
/* End PBXNativeTarget section */

/* Begin PBXProject section */
		A114DA311E602AA00069853F /* Project object */ = {
			isa = PBXProject;
			attributes = {
				LastUpgradeCheck = 0820;
				ORGANIZATIONNAME = Yuns;
				TargetAttributes = {
					A114DA381E602AA00069853F = {
						CreatedOnToolsVersion = 8.2.1;
						ProvisioningStyle = Automatic;
					};
				};
			};
			buildConfigurationList = A114DA341E602AA00069853F /* Build configuration list for PBXProject "NewsCommentModule" */;
			compatibilityVersion = "Xcode 3.2";
			developmentRegion = English;
			hasScannedForEncodings = 0;
			knownRegions = (
				en,
				Base,
			);
			mainGroup = A114DA301E602AA00069853F;
			productRefGroup = A114DA3A1E602AA00069853F /* Products */;
			projectDirPath = "";
			projectRoot = "";
			targets = (
				A114DA381E602AA00069853F /* NewsCommentModule */,
			);
		};
/* End PBXProject section */

/* Begin PBXResourcesBuildPhase section */
		A114DA371E602AA00069853F /* Resources */ = {
			isa = PBXResourcesBuildPhase;
			buildActionMask = 2147483647;
			files = (
				A114DA4C1E602AA00069853F /* LaunchScreen.storyboard in Resources */,
				A114DA491E602AA00069853F /* Assets.xcassets in Resources */,
				A114DA471E602AA00069853F /* Main.storyboard in Resources */,
			);
			runOnlyForDeploymentPostprocessing = 0;
		};
/* End PBXResourcesBuildPhase section */

/* Begin PBXSourcesBuildPhase section */
		A114DA351E602AA00069853F /* Sources */ = {
			isa = PBXSourcesBuildPhase;
			buildActionMask = 2147483647;
			files = (
				A13E6F641E6E4061009DD690 /* NewsCommentReplyAreaNode.m in Sources */,
				A13E6F581E6E401B009DD690 /* NewsCommentModel.m in Sources */,
				A13E6F551E6E4010009DD690 /* NewsCommentURL.m in Sources */,
				A114DA441E602AA00069853F /* ViewController.m in Sources */,
				A13E6F631E6E4061009DD690 /* NewsCommentCellNode.m in Sources */,
				A13E6F661E6E4061009DD690 /* NewsDetailSectionCommentFooterView.m in Sources */,
				A13E6F651E6E4061009DD690 /* NewsCommentReplyNode.m in Sources */,
				A13E6F671E6E4061009DD690 /* NewsDetailSectionTitleHeaderView.m in Sources */,
				A13E6F521E6E3FFC009DD690 /* NewsCommentViewController.m in Sources */,
				A114DA411E602AA00069853F /* AppDelegate.m in Sources */,
				A114DA3E1E602AA00069853F /* main.m in Sources */,
			);
			runOnlyForDeploymentPostprocessing = 0;
		};
/* End PBXSourcesBuildPhase section */

/* Begin PBXVariantGroup section */
		A114DA451E602AA00069853F /* Main.storyboard */ = {
			isa = PBXVariantGroup;
			children = (
				A114DA461E602AA00069853F /* Base */,
			);
			name = Main.storyboard;
			sourceTree = "<group>";
		};
		A114DA4A1E602AA00069853F /* LaunchScreen.storyboard */ = {
			isa = PBXVariantGroup;
			children = (
				A114DA4B1E602AA00069853F /* Base */,
			);
			name = LaunchScreen.storyboard;
			sourceTree = "<group>";
		};
/* End PBXVariantGroup section */

/* Begin XCBuildConfiguration section */
		A114DA4E1E602AA00069853F /* Debug */ = {
			isa = XCBuildConfiguration;
			buildSettings = {
				ALWAYS_SEARCH_USER_PATHS = NO;
				CLANG_ANALYZER_NONNULL = YES;
				CLANG_CXX_LANGUAGE_STANDARD = "gnu++0x";
				CLANG_CXX_LIBRARY = "libc++";
				CLANG_ENABLE_MODULES = YES;
				CLANG_ENABLE_OBJC_ARC = YES;
				CLANG_WARN_BOOL_CONVERSION = YES;
				CLANG_WARN_CONSTANT_CONVERSION = YES;
				CLANG_WARN_DIRECT_OBJC_ISA_USAGE = YES_ERROR;
				CLANG_WARN_DOCUMENTATION_COMMENTS = YES;
				CLANG_WARN_EMPTY_BODY = YES;
				CLANG_WARN_ENUM_CONVERSION = YES;
				CLANG_WARN_INFINITE_RECURSION = YES;
				CLANG_WARN_INT_CONVERSION = YES;
				CLANG_WARN_OBJC_ROOT_CLASS = YES_ERROR;
				CLANG_WARN_SUSPICIOUS_MOVE = YES;
				CLANG_WARN_UNREACHABLE_CODE = YES;
				CLANG_WARN__DUPLICATE_METHOD_MATCH = YES;
				"CODE_SIGN_IDENTITY[sdk=iphoneos*]" = "iPhone Developer";
				COPY_PHASE_STRIP = NO;
				DEBUG_INFORMATION_FORMAT = dwarf;
				ENABLE_STRICT_OBJC_MSGSEND = YES;
				ENABLE_TESTABILITY = YES;
				GCC_C_LANGUAGE_STANDARD = gnu99;
				GCC_DYNAMIC_NO_PIC = NO;
				GCC_NO_COMMON_BLOCKS = YES;
				GCC_OPTIMIZATION_LEVEL = 0;
				GCC_PREPROCESSOR_DEFINITIONS = (
					"DEBUG=1",
					"$(inherited)",
				);
				GCC_WARN_64_TO_32_BIT_CONVERSION = YES;
				GCC_WARN_ABOUT_RETURN_TYPE = YES_ERROR;
				GCC_WARN_UNDECLARED_SELECTOR = YES;
				GCC_WARN_UNINITIALIZED_AUTOS = YES_AGGRESSIVE;
				GCC_WARN_UNUSED_FUNCTION = YES;
				GCC_WARN_UNUSED_VARIABLE = YES;
				IPHONEOS_DEPLOYMENT_TARGET = 10.2;
				MTL_ENABLE_DEBUG_INFO = YES;
				ONLY_ACTIVE_ARCH = YES;
				SDKROOT = iphoneos;
			};
			name = Debug;
		};
		A114DA4F1E602AA00069853F /* Release */ = {
			isa = XCBuildConfiguration;
			buildSettings = {
				ALWAYS_SEARCH_USER_PATHS = NO;
				CLANG_ANALYZER_NONNULL = YES;
				CLANG_CXX_LANGUAGE_STANDARD = "gnu++0x";
				CLANG_CXX_LIBRARY = "libc++";
				CLANG_ENABLE_MODULES = YES;
				CLANG_ENABLE_OBJC_ARC = YES;
				CLANG_WARN_BOOL_CONVERSION = YES;
				CLANG_WARN_CONSTANT_CONVERSION = YES;
				CLANG_WARN_DIRECT_OBJC_ISA_USAGE = YES_ERROR;
				CLANG_WARN_DOCUMENTATION_COMMENTS = YES;
				CLANG_WARN_EMPTY_BODY = YES;
				CLANG_WARN_ENUM_CONVERSION = YES;
				CLANG_WARN_INFINITE_RECURSION = YES;
				CLANG_WARN_INT_CONVERSION = YES;
				CLANG_WARN_OBJC_ROOT_CLASS = YES_ERROR;
				CLANG_WARN_SUSPICIOUS_MOVE = YES;
				CLANG_WARN_UNREACHABLE_CODE = YES;
				CLANG_WARN__DUPLICATE_METHOD_MATCH = YES;
				"CODE_SIGN_IDENTITY[sdk=iphoneos*]" = "iPhone Developer";
				COPY_PHASE_STRIP = NO;
				DEBUG_INFORMATION_FORMAT = "dwarf-with-dsym";
				ENABLE_NS_ASSERTIONS = NO;
				ENABLE_STRICT_OBJC_MSGSEND = YES;
				GCC_C_LANGUAGE_STANDARD = gnu99;
				GCC_NO_COMMON_BLOCKS = YES;
				GCC_WARN_64_TO_32_BIT_CONVERSION = YES;
				GCC_WARN_ABOUT_RETURN_TYPE = YES_ERROR;
				GCC_WARN_UNDECLARED_SELECTOR = YES;
				GCC_WARN_UNINITIALIZED_AUTOS = YES_AGGRESSIVE;
				GCC_WARN_UNUSED_FUNCTION = YES;
				GCC_WARN_UNUSED_VARIABLE = YES;
				IPHONEOS_DEPLOYMENT_TARGET = 10.2;
				MTL_ENABLE_DEBUG_INFO = NO;
				SDKROOT = iphoneos;
				VALIDATE_PRODUCT = YES;
			};
			name = Release;
		};
		A114DA511E602AA00069853F /* Debug */ = {
			isa = XCBuildConfiguration;
			buildSettings = {
				ASSETCATALOG_COMPILER_APPICON_NAME = AppIcon;
				INFOPLIST_FILE = NewsCommentModule/Info.plist;
				LD_RUNPATH_SEARCH_PATHS = "$(inherited) @executable_path/Frameworks";
				PRODUCT_BUNDLE_IDENTIFIER = com.yuns.NewsCommentModule;
				PRODUCT_NAME = "$(TARGET_NAME)";
			};
			name = Debug;
		};
		A114DA521E602AA00069853F /* Release */ = {
			isa = XCBuildConfiguration;
			buildSettings = {
				ASSETCATALOG_COMPILER_APPICON_NAME = AppIcon;
				INFOPLIST_FILE = NewsCommentModule/Info.plist;
				LD_RUNPATH_SEARCH_PATHS = "$(inherited) @executable_path/Frameworks";
				PRODUCT_BUNDLE_IDENTIFIER = com.yuns.NewsCommentModule;
				PRODUCT_NAME = "$(TARGET_NAME)";
			};
			name = Release;
		};
/* End XCBuildConfiguration section */

/* Begin XCConfigurationList section */
		A114DA341E602AA00069853F /* Build configuration list for PBXProject "NewsCommentModule" */ = {
			isa = XCConfigurationList;
			buildConfigurations = (
				A114DA4E1E602AA00069853F /* Debug */,
				A114DA4F1E602AA00069853F /* Release */,
			);
			defaultConfigurationIsVisible = 0;
			defaultConfigurationName = Release;
		};
		A114DA501E602AA00069853F /* Build configuration list for PBXNativeTarget "NewsCommentModule" */ = {
			isa = XCConfigurationList;
			buildConfigurations = (
				A114DA511E602AA00069853F /* Debug */,
				A114DA521E602AA00069853F /* Release */,
			);
			defaultConfigurationIsVisible = 0;
			defaultConfigurationName = Release;
		};
/* End XCConfigurationList section */
	};
	rootObject = A114DA311E602AA00069853F /* Project object */;
}
